
Microsoft Visual Studio Solution File, Format Version 12.00
# Visual Studio Version 16
VisualStudioVersion = 16.0.31702.278
MinimumVisualStudioVersion = 10.0.40219.1
Project("{FAE04EC0-301F-11D3-BF4B-00C04F79EFBC}") = "senai_hroads_webAPI", "senai_hroads_webAPI\senai_hroads_webAPI.csproj", "{8A857553-F740-4B31-9814-D94AE2647A89}"
EndProject
Global
	GlobalSection(SolutionConfigurationPlatforms) = preSolution
		Debug|Any CPU = Debug|Any CPU
		Release|Any CPU = Release|Any CPU
	EndGlobalSection
	GlobalSection(ProjectConfigurationPlatforms) = postSolution
		{8A857553-F740-4B31-9814-D94AE2647A89}.Debug|Any CPU.ActiveCfg = Debug|Any CPU
		{8A857553-F740-4B31-9814-D94AE2647A89}.Debug|Any CPU.Build.0 = Debug|Any CPU
		{8A857553-F740-4B31-9814-D94AE2647A89}.Release|Any CPU.ActiveCfg = Release|Any CPU
		{8A857553-F740-4B31-9814-D94AE2647A89}.Release|Any CPU.Build.0 = Release|Any CPU
	EndGlobalSection
	GlobalSection(SolutionProperties) = preSolution
		HideSolutionNode = FALSE
	EndGlobalSection
	GlobalSection(ExtensibilityGlobals) = postSolution
		SolutionGuid = {A24BC025-4717-4C65-A840-E03FAA2DE437}
	EndGlobalSection
EndGlobal
